{
  "name": "bpmfserver",
  "version": "1.0.0",
  "lockfileVersion": 3,
  "requires": true,
  "packages": {
    "": {
      "name": "bpmfserver",
      "version": "1.0.0",
      "license": "MIT",
      "dependencies": {
        "jszhuyin": "^1.1.2",
        "minimist": "^1.2.8"
      }
    },
    "node_modules/jszhuyin": {
      "version": "1.1.2",
      "resolved": "https://registry.npmjs.org/jszhuyin/-/jszhuyin-1.1.2.tgz",
      "integrity": "sha512-04EQGFzmszZUadUosIt3p34r/8x4CdHctsDQzW1HMex0QYpxc9m+ls1fYmGtc2Scudk+yUkvHj1Powf3wYJA+Q==",
      "bin": {
        "jszhuyin": "lib/cli.js"
      }
    },
    "node_modules/minimist": {
      "version": "1.2.8",
      "resolved": "https://registry.npmjs.org/minimist/-/minimist-1.2.8.tgz",
      "integrity": "sha512-2yyAR8qBkN3YuheJanUpWC5U3bb5osDywNB8RzDVlDwDHbocAJveqqj1u8+SVD7jkWT4yvsHCpWqqWqAxb0zCA==",
      "funding": {
        "url": "https://github.com/sponsors/ljharb"
      }
    }
  }
}
